
Microsoft Visual Studio Solution File, Format Version 12.00
# Visual Studio Version 16
VisualStudioVersion = 16.0.31624.102
MinimumVisualStudioVersion = 10.0.40219.1
Project("{8BC9CEB8-8B4A-11D0-8D11-00A0C91BC942}") = "WLEDAuraSync", "WLEDAuraSync\WLEDAuraSync.vcxproj", "{4D69CFEA-23EA-4F29-8415-AA10DD2627CC}"
EndProject
Global
	GlobalSection(SolutionConfigurationPlatforms) = preSolution
		Debug|x64 = Debug|x64
		Debug|x86 = Debug|x86
		Release|x64 = Release|x64
		Release|x86 = Release|x86
	EndGlobalSection
	GlobalSection(ProjectConfigurationPlatforms) = postSolution
		{4D69CFEA-23EA-4F29-8415-AA10DD2627CC}.Debug|x64.ActiveCfg = Debug|x64
		{4D69CFEA-23EA-4F29-8415-AA10DD2627CC}.Debug|x64.Build.0 = Debug|x64
		{4D69CFEA-23EA-4F29-8415-AA10DD2627CC}.Debug|x86.ActiveCfg = Debug|Win32
		{4D69CFEA-23EA-4F29-8415-AA10DD2627CC}.Debug|x86.Build.0 = Debug|Win32
		{4D69CFEA-23EA-4F29-8415-AA10DD2627CC}.Release|x64.ActiveCfg = Release|x64
		{4D69CFEA-23EA-4F29-8415-AA10DD2627CC}.Release|x64.Build.0 = Release|x64
		{4D69CFEA-23EA-4F29-8415-AA10DD2627CC}.Release|x86.ActiveCfg = Release|Win32
		{4D69CFEA-23EA-4F29-8415-AA10DD2627CC}.Release|x86.Build.0 = Release|Win32
	EndGlobalSection
	GlobalSection(SolutionProperties) = preSolution
		HideSolutionNode = FALSE
	EndGlobalSection
	GlobalSection(ExtensibilityGlobals) = postSolution
		SolutionGuid = {BD17AD9F-F4A9-4C71-A94F-AC64094B476F}
	EndGlobalSection
EndGlobal
